
Microsoft Visual Studio Solution File, Format Version 12.00
# Visual Studio Version 16
VisualStudioVersion = 16.0.34114.132
MinimumVisualStudioVersion = 10.0.40219.1
Project("{FAE04EC0-301F-11D3-BF4B-00C04F79EFBC}") = "CadastroDocumentosPessoa", "CadastroDocumentosPessoa\CadastroDocumentosPessoa.csproj", "{1C928A74-7874-4EB7-BAC3-30D60D0D139C}"
EndProject
Global
	GlobalSection(SolutionConfigurationPlatforms) = preSolution
		Debug|Any CPU = Debug|Any CPU
		Release|Any CPU = Release|Any CPU
	EndGlobalSection
	GlobalSection(ProjectConfigurationPlatforms) = postSolution
		{1C928A74-7874-4EB7-BAC3-30D60D0D139C}.Debug|Any CPU.ActiveCfg = Debug|Any CPU
		{1C928A74-7874-4EB7-BAC3-30D60D0D139C}.Debug|Any CPU.Build.0 = Debug|Any CPU
		{1C928A74-7874-4EB7-BAC3-30D60D0D139C}.Release|Any CPU.ActiveCfg = Release|Any CPU
		{1C928A74-7874-4EB7-BAC3-30D60D0D139C}.Release|Any CPU.Build.0 = Release|Any CPU
	EndGlobalSection
	GlobalSection(SolutionProperties) = preSolution
		HideSolutionNode = FALSE
	EndGlobalSection
	GlobalSection(ExtensibilityGlobals) = postSolution
		SolutionGuid = {79B1AA9F-901D-4C3B-B2D2-C9BF7E1FC29F}
	EndGlobalSection
EndGlobal
